<?xml version="1.0" encoding="utf-8"?>
<Project ToolsVersion="4.0" xmlns="http://schemas.microsoft.com/developer/msbuild/2003">
  <ItemGroup>
    <Filter Include="Source Files">
      <UniqueIdentifier>{4FC737F1-C7A5-4376-A066-2A32D752A2FF}</UniqueIdentifier>
      <Extensions>cpp;c;cc;cxx;def;odl;idl;hpj;bat;asm;asmx</Extensions>
    </Filter>
    <Filter Include="Header Files">
      <UniqueIdentifier>{93995380-89BD-4b04-88EB-625FBE52EBFB}</UniqueIdentifier>
      <Extensions>h;hpp;hxx;hm;inl;inc;xsd</Extensions>
    </Filter>
    <Filter Include="Schema Files">
      <UniqueIdentifier>{326a9484-93da-456d-9f82-5235d4ebdeb2}</UniqueIdentifier>
    </Filter>
  </ItemGroup>
  <ItemGroup>
    <ClCompile Include="qiflibrary\Auxiliary.cxx">
      <Filter>Source Files</Filter>
    </ClCompile>
    <ClCompile Include="qiflibrary\Characteristics.cxx">
      <Filter>Source Files</Filter>
    </ClCompile>
    <ClCompile Include="qiflibrary\Expressions.cxx">
      <Filter>Source Files</Filter>
    </ClCompile>
    <ClCompile Include="qiflibrary\Features.cxx">
      <Filter>Source Files</Filter>
    </ClCompile>
    <ClCompile Include="qiflibrary\GenericExpressions.cxx">
      <Filter>Source Files</Filter>
    </ClCompile>
    <ClCompile Include="qiflibrary\Geometry.cxx">
      <Filter>Source Files</Filter>
    </ClCompile>
    <ClCompile Include="qiflibrary\IntermediatesPMI.cxx">
      <Filter>Source Files</Filter>
    </ClCompile>
    <ClCompile Include="qiflibrary\Primitives.cxx">
      <Filter>Source Files</Filter>
    </ClCompile>
    <ClCompile Include="qiflibrary\PrimitivesPD.cxx">
      <Filter>Source Files</Filter>
    </ClCompile>
    <ClCompile Include="qiflibrary\PrimitivesPMI.cxx">
      <Filter>Source Files</Filter>
    </ClCompile>
    <ClCompile Include="qifapplications\QIFDocument.cxx">
      <Filter>Source Files</Filter>
    </ClCompile>
    <ClCompile Include="qifapplications\QIFMeasurementResources.cxx">
      <Filter>Source Files</Filter>
    </ClCompile>
    <ClCompile Include="qifapplications\QIFPlan.cxx">
      <Filter>Source Files</Filter>
    </ClCompile>
    <ClCompile Include="qifapplications\QIFProduct.cxx">
      <Filter>Source Files</Filter>
    </ClCompile>
    <ClCompile Include="qifapplications\QIFResults.cxx">
      <Filter>Source Files</Filter>
    </ClCompile>
    <ClCompile Include="qifapplications\QIFRules.cxx">
      <Filter>Source Files</Filter>
    </ClCompile>
    <ClCompile Include="qifapplications\QIFStatistics.cxx">
      <Filter>Source Files</Filter>
    </ClCompile>
    <ClCompile Include="qiflibrary\Statistics.cxx">
      <Filter>Source Files</Filter>
    </ClCompile>
    <ClCompile Include="qiflibrary\Topology.cxx">
      <Filter>Source Files</Filter>
    </ClCompile>
    <ClCompile Include="qiflibrary\Traceability.cxx">
      <Filter>Source Files</Filter>
    </ClCompile>
    <ClCompile Include="qiflibrary\Units.cxx">
      <Filter>Source Files</Filter>
    </ClCompile>
    <ClCompile Include="qiflibrary\Visualization.cxx">
      <Filter>Source Files</Filter>
    </ClCompile>
    <ClCompile Include="qiflibrary\xmldsig-core-schema-qif3-namespace.cxx">
      <Filter>Source Files</Filter>
    </ClCompile>
  </ItemGroup>
  <ItemGroup>
    <ClInclude Include="qiflibrary\Auxiliary.hxx">
      <Filter>Header Files</Filter>
    </ClInclude>
    <ClInclude Include="qiflibrary\Characteristics.hxx">
      <Filter>Header Files</Filter>
    </ClInclude>
    <ClInclude Include="qiflibrary\Expressions.hxx">
      <Filter>Header Files</Filter>
    </ClInclude>
    <ClInclude Include="qiflibrary\Features.hxx">
      <Filter>Header Files</Filter>
    </ClInclude>
    <ClInclude Include="qiflibrary\GenericExpressions.hxx">
      <Filter>Header Files</Filter>
    </ClInclude>
    <ClInclude Include="qiflibrary\Geometry.hxx">
      <Filter>Header Files</Filter>
    </ClInclude>
    <ClInclude Include="qiflibrary\IntermediatesPMI.hxx">
      <Filter>Header Files</Filter>
    </ClInclude>
    <ClInclude Include="qiflibrary\Primitives.hxx">
      <Filter>Header Files</Filter>
    </ClInclude>
    <ClInclude Include="qiflibrary\PrimitivesPD.hxx">
      <Filter>Header Files</Filter>
    </ClInclude>
    <ClInclude Include="qiflibrary\PrimitivesPMI.hxx">
      <Filter>Header Files</Filter>
    </ClInclude>
    <ClInclude Include="qifapplications\QIFDocument.hxx">
      <Filter>Header Files</Filter>
    </ClInclude>
    <ClInclude Include="qifapplications\QIFMeasurementResources.hxx">
      <Filter>Header Files</Filter>
    </ClInclude>
    <ClInclude Include="qifapplications\QIFPlan.hxx">
      <Filter>Header Files</Filter>
    </ClInclude>
    <ClInclude Include="qifapplications\QIFProduct.hxx">
      <Filter>Header Files</Filter>
    </ClInclude>
    <ClInclude Include="qifapplications\QIFResults.hxx">
      <Filter>Header Files</Filter>
    </ClInclude>
    <ClInclude Include="qifapplications\QIFRules.hxx">
      <Filter>Header Files</Filter>
    </ClInclude>
    <ClInclude Include="qifapplications\QIFStatistics.hxx">
      <Filter>Header Files</Filter>
    </ClInclude>
    <ClInclude Include="qiflibrary\Statistics.hxx">
      <Filter>Header Files</Filter>
    </ClInclude>
    <ClInclude Include="qiflibrary\Topology.hxx">
      <Filter>Header Files</Filter>
    </ClInclude>
    <ClInclude Include="qiflibrary\Traceability.hxx">
      <Filter>Header Files</Filter>
    </ClInclude>
    <ClInclude Include="qiflibrary\Units.hxx">
      <Filter>Header Files</Filter>
    </ClInclude>
    <ClInclude Include="qiflibrary\Visualization.hxx">
      <Filter>Header Files</Filter>
    </ClInclude>
    <ClInclude Include="qiflibrary\xmldsig-core-schema-qif3-namespace.hxx">
      <Filter>Header Files</Filter>
    </ClInclude>
  </ItemGroup>
  <ItemGroup>
    <CXX_Tree_Mapping_Rule Include="..\QIFLibrary\Auxiliary.xsd">
      <Filter>Schema Files</Filter>
    </CXX_Tree_Mapping_Rule>
    <CXX_Tree_Mapping_Rule Include="..\QIFLibrary\Characteristics.xsd">
      <Filter>Schema Files</Filter>
    </CXX_Tree_Mapping_Rule>
    <CXX_Tree_Mapping_Rule Include="..\QIFLibrary\Expressions.xsd">
      <Filter>Schema Files</Filter>
    </CXX_Tree_Mapping_Rule>
    <CXX_Tree_Mapping_Rule Include="..\QIFLibrary\Features.xsd">
      <Filter>Schema Files</Filter>
    </CXX_Tree_Mapping_Rule>
    <CXX_Tree_Mapping_Rule Include="..\QIFLibrary\GenericExpressions.xsd">
      <Filter>Schema Files</Filter>
    </CXX_Tree_Mapping_Rule>
    <CXX_Tree_Mapping_Rule Include="..\QIFLibrary\Geometry.xsd">
      <Filter>Schema Files</Filter>
    </CXX_Tree_Mapping_Rule>
    <CXX_Tree_Mapping_Rule Include="..\QIFLibrary\IntermediatesPMI.xsd">
      <Filter>Schema Files</Filter>
    </CXX_Tree_Mapping_Rule>
    <CXX_Tree_Mapping_Rule Include="..\QIFLibrary\Primitives.xsd">
      <Filter>Schema Files</Filter>
    </CXX_Tree_Mapping_Rule>
    <CXX_Tree_Mapping_Rule Include="..\QIFLibrary\PrimitivesPD.xsd">
      <Filter>Schema Files</Filter>
    </CXX_Tree_Mapping_Rule>
    <CXX_Tree_Mapping_Rule Include="..\QIFLibrary\PrimitivesPMI.xsd">
      <Filter>Schema Files</Filter>
    </CXX_Tree_Mapping_Rule>
    <CXX_Tree_Mapping_Rule Include="..\QIFApplications\QIFDocument.xsd">
      <Filter>Schema Files</Filter>
    </CXX_Tree_Mapping_Rule>
    <CXX_Tree_Mapping_Rule Include="..\QIFApplications\QIFMeasurementResources.xsd">
      <Filter>Schema Files</Filter>
    </CXX_Tree_Mapping_Rule>
    <CXX_Tree_Mapping_Rule Include="..\QIFApplications\QIFPlan.xsd">
      <Filter>Schema Files</Filter>
    </CXX_Tree_Mapping_Rule>
    <CXX_Tree_Mapping_Rule Include="..\QIFApplications\QIFProduct.xsd">
      <Filter>Schema Files</Filter>
    </CXX_Tree_Mapping_Rule>
    <CXX_Tree_Mapping_Rule Include="..\QIFApplications\QIFResults.xsd">
      <Filter>Schema Files</Filter>
    </CXX_Tree_Mapping_Rule>
    <CXX_Tree_Mapping_Rule Include="..\QIFApplications\QIFRules.xsd">
      <Filter>Schema Files</Filter>
    </CXX_Tree_Mapping_Rule>
    <CXX_Tree_Mapping_Rule Include="..\QIFApplications\QIFStatistics.xsd">
      <Filter>Schema Files</Filter>
    </CXX_Tree_Mapping_Rule>
    <CXX_Tree_Mapping_Rule Include="..\QIFLibrary\Statistics.xsd">
      <Filter>Schema Files</Filter>
    </CXX_Tree_Mapping_Rule>
    <CXX_Tree_Mapping_Rule Include="..\QIFLibrary\Topology.xsd">
      <Filter>Schema Files</Filter>
    </CXX_Tree_Mapping_Rule>
    <CXX_Tree_Mapping_Rule Include="..\QIFLibrary\Traceability.xsd">
      <Filter>Schema Files</Filter>
    </CXX_Tree_Mapping_Rule>
    <CXX_Tree_Mapping_Rule Include="..\QIFLibrary\Units.xsd">
      <Filter>Schema Files</Filter>
    </CXX_Tree_Mapping_Rule>
    <CXX_Tree_Mapping_Rule Include="..\QIFLibrary\Visualization.xsd">
      <Filter>Schema Files</Filter>
    </CXX_Tree_Mapping_Rule>
    <CXX_Tree_Mapping_Rule Include="..\QIFLibrary\xmldsig-core-schema-qif3-namespace.xsd">
      <Filter>Schema Files</Filter>
    </CXX_Tree_Mapping_Rule>
  </ItemGroup>
  <ItemGroup>
    <None Include="..\ReadMe.txt" />
  </ItemGroup>
</Project>